
Microsoft Visual Studio Solution File, Format Version 12.00
# Visual Studio Version 16
VisualStudioVersion = 16.0.31729.503
MinimumVisualStudioVersion = 10.0.40219.1
Project("{FAE04EC0-301F-11D3-BF4B-00C04F79EFBC}") = "HeyGit", "HeyGit\HeyGit.csproj", "{8DD485C3-5A6D-463E-93C6-0D3825D1F0CD}"
EndProject
Global
	GlobalSection(SolutionConfigurationPlatforms) = preSolution
		Debug|Any CPU = Debug|Any CPU
		Release|Any CPU = Release|Any CPU
	EndGlobalSection
	GlobalSection(ProjectConfigurationPlatforms) = postSolution
		{8DD485C3-5A6D-463E-93C6-0D3825D1F0CD}.Debug|Any CPU.ActiveCfg = Debug|Any CPU
		{8DD485C3-5A6D-463E-93C6-0D3825D1F0CD}.Debug|Any CPU.Build.0 = Debug|Any CPU
		{8DD485C3-5A6D-463E-93C6-0D3825D1F0CD}.Release|Any CPU.ActiveCfg = Release|Any CPU
		{8DD485C3-5A6D-463E-93C6-0D3825D1F0CD}.Release|Any CPU.Build.0 = Release|Any CPU
	EndGlobalSection
	GlobalSection(SolutionProperties) = preSolution
		HideSolutionNode = FALSE
	EndGlobalSection
	GlobalSection(ExtensibilityGlobals) = postSolution
		SolutionGuid = {8C062C66-0705-4D5C-A791-18581D2F6B09}
	EndGlobalSection
EndGlobal
